<?xml version="1.0" encoding="utf-8"?>
<Project ToolsVersion="4.0" xmlns="http://schemas.microsoft.com/developer/msbuild/2003">
  <ItemGroup>
    <Filter Include="src">
      <UniqueIdentifier>{4FC737F1-C7A5-4376-A066-2A32D752A2FF}</UniqueIdentifier>
      <Extensions>cpp;c;cc;cxx;def;odl;idl;hpj;bat;asm;asmx</Extensions>
    </Filter>
    <Filter Include="res">
      <UniqueIdentifier>{67DA6AB6-F800-4c08-8B7A-83BB121AAD01}</UniqueIdentifier>
      <Extensions>rc;ico;cur;bmp;dlg;rc2;rct;bin;rgs;gif;jpg;jpeg;jpe;resx;tiff;tif;png;wav;mfcribbon-ms</Extensions>
    </Filter>
    <Filter Include="src\platform">
      <UniqueIdentifier>{76813f06-69c9-45a5-8ec3-128dc7366c9a}</UniqueIdentifier>
    </Filter>
    <Filter Include="src\platform\windows">
      <UniqueIdentifier>{86956799-bc93-41cf-ba02-92a4c6b3c273}</UniqueIdentifier>
    </Filter>
    <Filter Include="src\utility">
      <UniqueIdentifier>{2a728f95-16d9-4aa0-b7f4-d3579703a78d}</UniqueIdentifier>
    </Filter>
    <Filter Include="src\utility\math">
      <UniqueIdentifier>{8843b3e5-3408-43d9-93af-35b2a19df124}</UniqueIdentifier>
    </Filter>
    <Filter Include="src\resource">
      <UniqueIdentifier>{1780f141-3cbb-43e8-98b1-698e370d91cb}</UniqueIdentifier>
    </Filter>
    <Filter Include="src\platform\android">
      <UniqueIdentifier>{8511be22-6a00-4678-8425-c0ae3795a4c1}</UniqueIdentifier>
    </Filter>
    <Filter Include="src\platform\ios">
      <UniqueIdentifier>{bb06f93b-79c5-43b6-8218-505be7265f10}</UniqueIdentifier>
    </Filter>
    <Filter Include="src\utility\io">
      <UniqueIdentifier>{e3ba621e-6aec-4a2e-b545-08a99bab9bab}</UniqueIdentifier>
    </Filter>
    <Filter Include="src\core">
      <UniqueIdentifier>{63c50f34-2837-4b1d-be57-2fae12702cc4}</UniqueIdentifier>
    </Filter>
    <Filter Include="src\utility\log">
      <UniqueIdentifier>{cab5c064-2075-44bf-830d-5dcedb75ef87}</UniqueIdentifier>
    </Filter>
    <Filter Include="src\renderer">
      <UniqueIdentifier>{35d6efaa-d777-4994-a078-032e8444ea86}</UniqueIdentifier>
    </Filter>
    <Filter Include="src\shaders">
      <UniqueIdentifier>{8cf83fd5-d4c6-4f74-8fc7-3d0670a5a403}</UniqueIdentifier>
    </Filter>
    <Filter Include="src\utility\misc">
      <UniqueIdentifier>{2556f8bc-633a-488c-b13c-c1c2b30c010f}</UniqueIdentifier>
    </Filter>
  </ItemGroup>
  <ItemGroup>
    <ClCompile Include="src\platform\Device.cpp">
      <Filter>src\platform</Filter>
    </ClCompile>
    <ClCompile Include="src\utility\math\mathf.cpp">
      <Filter>src\utility\math</Filter>
    </ClCompile>
    <ClCompile Include="src\resource\resources.cpp">
      <Filter>src\resource</Filter>
    </ClCompile>
    <ClCompile Include="src\resource\texture2d.cpp">
      <Filter>src\resource</Filter>
    </ClCompile>
    <ClCompile Include="src\platform\windows\window_device.cpp">
      <Filter>src\platform\windows</Filter>
    </ClCompile>
    <ClCompile Include="src\utility\string_ext.cpp">
      <Filter>src\utility</Filter>
    </ClCompile>
    <ClCompile Include="src\game_entry.cpp">
      <Filter>src</Filter>
    </ClCompile>
    <ClCompile Include="src\utility\io\data_stream.cpp">
      <Filter>src\utility\io</Filter>
    </ClCompile>
    <ClCompile Include="src\utility\io\stream.cpp">
      <Filter>src\utility\io</Filter>
    </ClCompile>
    <ClCompile Include="src\utility\log\xlog.cpp">
      <Filter>src\utility\log</Filter>
    </ClCompile>
    <ClCompile Include="src\core\color.cpp">
      <Filter>src\core</Filter>
    </ClCompile>
    <ClCompile Include="src\core\mesh.cpp">
      <Filter>src\core</Filter>
    </ClCompile>
    <ClCompile Include="src\core\object.cpp">
      <Filter>src\core</Filter>
    </ClCompile>
    <ClCompile Include="src\utility\io\file_stream.cpp">
      <Filter>src\utility\io</Filter>
    </ClCompile>
    <ClCompile Include="src\renderer\shader.cpp">
      <Filter>src\renderer</Filter>
    </ClCompile>
    <ClCompile Include="src\renderer\material.cpp">
      <Filter>src\renderer</Filter>
    </ClCompile>
    <ClCompile Include="src\core\application.cpp">
      <Filter>src\core</Filter>
    </ClCompile>
    <ClCompile Include="src\core\camera.cpp">
      <Filter>src\core</Filter>
    </ClCompile>
    <ClCompile Include="src\core\component.cpp">
      <Filter>src\core</Filter>
    </ClCompile>
    <ClCompile Include="src\core\game_object.cpp">
      <Filter>src\core</Filter>
    </ClCompile>
    <ClCompile Include="src\core\transform.cpp">
      <Filter>src\core</Filter>
    </ClCompile>
    <ClCompile Include="src\renderer\shader_program.cpp">
      <Filter>src\renderer</Filter>
    </ClCompile>
    <ClCompile Include="src\utility\misc\geometry.cpp">
      <Filter>src\utility\misc</Filter>
    </ClCompile>
    <ClCompile Include="src\utility\math\vector.cpp">
      <Filter>src\utility\math</Filter>
    </ClCompile>
    <ClCompile Include="src\utility\math\matrix.cpp">
      <Filter>src\utility\math</Filter>
    </ClCompile>
    <ClCompile Include="src\utility\math\quaternion.cpp">
      <Filter>src\utility\math</Filter>
    </ClCompile>
  </ItemGroup>
  <ItemGroup>
    <ClInclude Include="src\platform\Device.h">
      <Filter>src\platform</Filter>
    </ClInclude>
    <ClInclude Include="src\utility\math\mathf.h">
      <Filter>src\utility\math</Filter>
    </ClInclude>
    <ClInclude Include="src\resource\resource_def.h">
      <Filter>src\resource</Filter>
    </ClInclude>
    <ClInclude Include="src\resource\texture2d.h">
      <Filter>src\resource</Filter>
    </ClInclude>
    <ClInclude Include="src\platform\windows\window_device.h">
      <Filter>src\platform\windows</Filter>
    </ClInclude>
    <ClInclude Include="src\platform\platform_def.h">
      <Filter>src\platform</Filter>
    </ClInclude>
    <ClInclude Include="src\utility\string_ext.h">
      <Filter>src\utility</Filter>
    </ClInclude>
    <ClInclude Include="src\resource\resources.h">
      <Filter>src\resource</Filter>
    </ClInclude>
    <ClInclude Include="src\utility\io\data_stream.h">
      <Filter>src\utility\io</Filter>
    </ClInclude>
    <ClInclude Include="src\utility\io\stream.h">
      <Filter>src\utility\io</Filter>
    </ClInclude>
    <ClInclude Include="src\utility\log\xlog.h">
      <Filter>src\utility\log</Filter>
    </ClInclude>
    <ClInclude Include="src\core\color.h">
      <Filter>src\core</Filter>
    </ClInclude>
    <ClInclude Include="src\core\mesh.h">
      <Filter>src\core</Filter>
    </ClInclude>
    <ClInclude Include="src\core\object.h">
      <Filter>src\core</Filter>
    </ClInclude>
    <ClInclude Include="src\utility\io\file_stream.h">
      <Filter>src\utility\io</Filter>
    </ClInclude>
    <ClInclude Include="src\renderer\material.h">
      <Filter>src\renderer</Filter>
    </ClInclude>
    <ClInclude Include="resource.h" />
    <ClInclude Include="src\renderer\shader.h">
      <Filter>src\renderer</Filter>
    </ClInclude>
    <ClInclude Include="src\platform\platform_macros.h">
      <Filter>src\platform</Filter>
    </ClInclude>
    <ClInclude Include="src\core\application.h">
      <Filter>src\core</Filter>
    </ClInclude>
    <ClInclude Include="src\core\camera.h">
      <Filter>src\core</Filter>
    </ClInclude>
    <ClInclude Include="src\core\component.h">
      <Filter>src\core</Filter>
    </ClInclude>
    <ClInclude Include="src\core\game_object.h">
      <Filter>src\core</Filter>
    </ClInclude>
    <ClInclude Include="src\core\transform.h">
      <Filter>src\core</Filter>
    </ClInclude>
    <ClInclude Include="src\renderer\shader_program.h">
      <Filter>src\renderer</Filter>
    </ClInclude>
    <ClInclude Include="src\utility\misc\geometry.h">
      <Filter>src\utility\misc</Filter>
    </ClInclude>
    <ClInclude Include="src\utility\math\vector.h">
      <Filter>src\utility\math</Filter>
    </ClInclude>
    <ClInclude Include="src\utility\math\matrix.h">
      <Filter>src\utility\math</Filter>
    </ClInclude>
    <ClInclude Include="src\utility\math\quaternion.h">
      <Filter>src\utility\math</Filter>
    </ClInclude>
    <ClInclude Include="src\t2d_macros.h">
      <Filter>src</Filter>
    </ClInclude>
    <ClInclude Include="src\utility\misc\better_map.h">
      <Filter>src\utility\misc</Filter>
    </ClInclude>
  </ItemGroup>
  <ItemGroup>
    <None Include="res\fish_4.pkm">
      <Filter>res</Filter>
    </None>
    <None Include="res\SemiAlpha.pkm">
      <Filter>res</Filter>
    </None>
    <None Include="src\shaders\BlendVertexColor.frag">
      <Filter>src\shaders</Filter>
    </None>
    <None Include="src\shaders\BlendVertexColor.vert">
      <Filter>src\shaders</Filter>
    </None>
  </ItemGroup>
</Project>